
Microsoft Visual Studio Solution File, Format Version 12.00
Project("{FAE04EC0-301F-11D3-BF4B-00C04F79EFBC}") = "project2", "project2\project2.csproj", "{C098AF5F-E80D-436E-AF10-FDF069BDA4FC}"
EndProject
Global
	GlobalSection(SolutionConfigurationPlatforms) = preSolution
		Debug|Any CPU = Debug|Any CPU
		Release|Any CPU = Release|Any CPU
	EndGlobalSection
	GlobalSection(ProjectConfigurationPlatforms) = postSolution
		{C098AF5F-E80D-436E-AF10-FDF069BDA4FC}.Debug|Any CPU.ActiveCfg = Debug|Any CPU
		{C098AF5F-E80D-436E-AF10-FDF069BDA4FC}.Debug|Any CPU.Build.0 = Debug|Any CPU
		{C098AF5F-E80D-436E-AF10-FDF069BDA4FC}.Release|Any CPU.ActiveCfg = Release|Any CPU
		{C098AF5F-E80D-436E-AF10-FDF069BDA4FC}.Release|Any CPU.Build.0 = Release|Any CPU
	EndGlobalSection
EndGlobal
